
Microsoft Visual Studio Solution File, Format Version 12.00
# Visual Studio Version 16
VisualStudioVersion = 16.0.31702.278
MinimumVisualStudioVersion = 10.0.40219.1
Project("{8BC9CEB8-8B4A-11D0-8D11-00A0C91BC942}") = "2nd Task", "2nd Task\2nd Task.vcxproj", "{825F1ECA-A185-4322-BA99-B67D3C515CF8}"
EndProject
Project("{8BC9CEB8-8B4A-11D0-8D11-00A0C91BC942}") = "3rd Task", "3rd Task\3rd Task.vcxproj", "{C0529AAD-4A23-4F9B-B7B7-FC9D3ABD1C4F}"
EndProject
Project("{8BC9CEB8-8B4A-11D0-8D11-00A0C91BC942}") = "4th Task", "4th Task\4th Task.vcxproj", "{4674FC78-752F-42C3-9174-7ACAD7AE4015}"
EndProject
Project("{8BC9CEB8-8B4A-11D0-8D11-00A0C91BC942}") = "5th Task", "5th Task\5th Task.vcxproj", "{303F0AD3-D006-4FCC-9CCE-419B8BB2E054}"
EndProject
Project("{8BC9CEB8-8B4A-11D0-8D11-00A0C91BC942}") = "6th Task", "6th Task\6th Task.vcxproj", "{3DCA140F-A7A1-4C34-A38D-693E5634B05B}"
EndProject
Project("{8BC9CEB8-8B4A-11D0-8D11-00A0C91BC942}") = "Task 7", "Task 7\Task 7.vcxproj", "{F8DD7A85-B1F5-4D8D-8863-6C592929DBCE}"
EndProject
Global
	GlobalSection(SolutionConfigurationPlatforms) = preSolution
		Debug|x64 = Debug|x64
		Debug|x86 = Debug|x86
		Release|x64 = Release|x64
		Release|x86 = Release|x86
	EndGlobalSection
	GlobalSection(ProjectConfigurationPlatforms) = postSolution
		{825F1ECA-A185-4322-BA99-B67D3C515CF8}.Debug|x64.ActiveCfg = Debug|x64
		{825F1ECA-A185-4322-BA99-B67D3C515CF8}.Debug|x64.Build.0 = Debug|x64
		{825F1ECA-A185-4322-BA99-B67D3C515CF8}.Debug|x86.ActiveCfg = Debug|Win32
		{825F1ECA-A185-4322-BA99-B67D3C515CF8}.Debug|x86.Build.0 = Debug|Win32
		{825F1ECA-A185-4322-BA99-B67D3C515CF8}.Release|x64.ActiveCfg = Release|x64
		{825F1ECA-A185-4322-BA99-B67D3C515CF8}.Release|x64.Build.0 = Release|x64
		{825F1ECA-A185-4322-BA99-B67D3C515CF8}.Release|x86.ActiveCfg = Release|Win32
		{825F1ECA-A185-4322-BA99-B67D3C515CF8}.Release|x86.Build.0 = Release|Win32
		{C0529AAD-4A23-4F9B-B7B7-FC9D3ABD1C4F}.Debug|x64.ActiveCfg = Debug|x64
		{C0529AAD-4A23-4F9B-B7B7-FC9D3ABD1C4F}.Debug|x64.Build.0 = Debug|x64
		{C0529AAD-4A23-4F9B-B7B7-FC9D3ABD1C4F}.Debug|x86.ActiveCfg = Debug|Win32
		{C0529AAD-4A23-4F9B-B7B7-FC9D3ABD1C4F}.Debug|x86.Build.0 = Debug|Win32
		{C0529AAD-4A23-4F9B-B7B7-FC9D3ABD1C4F}.Release|x64.ActiveCfg = Release|x64
		{C0529AAD-4A23-4F9B-B7B7-FC9D3ABD1C4F}.Release|x64.Build.0 = Release|x64
		{C0529AAD-4A23-4F9B-B7B7-FC9D3ABD1C4F}.Release|x86.ActiveCfg = Release|Win32
		{C0529AAD-4A23-4F9B-B7B7-FC9D3ABD1C4F}.Release|x86.Build.0 = Release|Win32
		{4674FC78-752F-42C3-9174-7ACAD7AE4015}.Debug|x64.ActiveCfg = Debug|x64
		{4674FC78-752F-42C3-9174-7ACAD7AE4015}.Debug|x64.Build.0 = Debug|x64
		{4674FC78-752F-42C3-9174-7ACAD7AE4015}.Debug|x86.ActiveCfg = Debug|Win32
		{4674FC78-752F-42C3-9174-7ACAD7AE4015}.Debug|x86.Build.0 = Debug|Win32
		{4674FC78-752F-42C3-9174-7ACAD7AE4015}.Release|x64.ActiveCfg = Release|x64
		{4674FC78-752F-42C3-9174-7ACAD7AE4015}.Release|x64.Build.0 = Release|x64
		{4674FC78-752F-42C3-9174-7ACAD7AE4015}.Release|x86.ActiveCfg = Release|Win32
		{4674FC78-752F-42C3-9174-7ACAD7AE4015}.Release|x86.Build.0 = Release|Win32
		{303F0AD3-D006-4FCC-9CCE-419B8BB2E054}.Debug|x64.ActiveCfg = Debug|x64
		{303F0AD3-D006-4FCC-9CCE-419B8BB2E054}.Debug|x64.Build.0 = Debug|x64
		{303F0AD3-D006-4FCC-9CCE-419B8BB2E054}.Debug|x86.ActiveCfg = Debug|Win32
		{303F0AD3-D006-4FCC-9CCE-419B8BB2E054}.Debug|x86.Build.0 = Debug|Win32
		{303F0AD3-D006-4FCC-9CCE-419B8BB2E054}.Release|x64.ActiveCfg = Release|x64
		{303F0AD3-D006-4FCC-9CCE-419B8BB2E054}.Release|x64.Build.0 = Release|x64
		{303F0AD3-D006-4FCC-9CCE-419B8BB2E054}.Release|x86.ActiveCfg = Release|Win32
		{303F0AD3-D006-4FCC-9CCE-419B8BB2E054}.Release|x86.Build.0 = Release|Win32
		{3DCA140F-A7A1-4C34-A38D-693E5634B05B}.Debug|x64.ActiveCfg = Debug|x64
		{3DCA140F-A7A1-4C34-A38D-693E5634B05B}.Debug|x64.Build.0 = Debug|x64
		{3DCA140F-A7A1-4C34-A38D-693E5634B05B}.Debug|x86.ActiveCfg = Debug|Win32
		{3DCA140F-A7A1-4C34-A38D-693E5634B05B}.Debug|x86.Build.0 = Debug|Win32
		{3DCA140F-A7A1-4C34-A38D-693E5634B05B}.Release|x64.ActiveCfg = Release|x64
		{3DCA140F-A7A1-4C34-A38D-693E5634B05B}.Release|x64.Build.0 = Release|x64
		{3DCA140F-A7A1-4C34-A38D-693E5634B05B}.Release|x86.ActiveCfg = Release|Win32
		{3DCA140F-A7A1-4C34-A38D-693E5634B05B}.Release|x86.Build.0 = Release|Win32
		{F8DD7A85-B1F5-4D8D-8863-6C592929DBCE}.Debug|x64.ActiveCfg = Debug|x64
		{F8DD7A85-B1F5-4D8D-8863-6C592929DBCE}.Debug|x64.Build.0 = Debug|x64
		{F8DD7A85-B1F5-4D8D-8863-6C592929DBCE}.Debug|x86.ActiveCfg = Debug|Win32
		{F8DD7A85-B1F5-4D8D-8863-6C592929DBCE}.Debug|x86.Build.0 = Debug|Win32
		{F8DD7A85-B1F5-4D8D-8863-6C592929DBCE}.Release|x64.ActiveCfg = Release|x64
		{F8DD7A85-B1F5-4D8D-8863-6C592929DBCE}.Release|x64.Build.0 = Release|x64
		{F8DD7A85-B1F5-4D8D-8863-6C592929DBCE}.Release|x86.ActiveCfg = Release|Win32
		{F8DD7A85-B1F5-4D8D-8863-6C592929DBCE}.Release|x86.Build.0 = Release|Win32
	EndGlobalSection
	GlobalSection(SolutionProperties) = preSolution
		HideSolutionNode = FALSE
	EndGlobalSection
	GlobalSection(ExtensibilityGlobals) = postSolution
		SolutionGuid = {CD923B50-8DD9-4E85-9132-3DD3215A551A}
	EndGlobalSection
EndGlobal
